// !$*UTF8*$!
{
	archiveVersion = 1;
	classes = {
	};
	objectVersion = 46;
	objects = {

/* Begin PBXBuildFile section */
		FA00652019F0508E0030615B /* main.cpp in Sources */ = {isa = PBXBuildFile; fileRef = FA00651F19F0508E0030615B /* main.cpp */; };
/* End PBXBuildFile section */

/* Begin PBXCopyFilesBuildPhase section */
		FA00651A19F0508E0030615B /* CopyFiles */ = {
			isa = PBXCopyFilesBuildPhase;
			buildActionMask = 2147483647;
			dstPath = /usr/share/man/man1/;
			dstSubfolderSpec = 0;
			files = (
			);
			runOnlyForDeploymentPostprocessing = 1;
		};
/* End PBXCopyFilesBuildPhase section */

/* Begin PBXFileReference section */
		FA00651C19F0508E0030615B /* Merge */ = {isa = PBXFileReference; explicitFileType = "compiled.mach-o.executable"; includeInIndex = 0; path = Merge; sourceTree = BUILT_PRODUCTS_DIR; };
		FA00651F19F0508E0030615B /* main.cpp */ = {isa = PBXFileReference; lastKnownFileType = sourcecode.cpp.cpp; path = main.cpp; sourceTree = "<group>"; };
		FA00652619F051080030615B /* merge.hpp */ = {isa = PBXFileReference; lastKnownFileType = sourcecode.cpp.h; path = merge.hpp; sourceTree = "<group>"; };
		FA00652719F064F60030615B /* .gitignore */ = {isa = PBXFileReference; lastKnownFileType = text; path = .gitignore; sourceTree = "<group>"; };
		FA00652819F064F60030615B /* TemplateIcon2x.png */ = {isa = PBXFileReference; lastKnownFileType = image.png; path = TemplateIcon2x.png; sourceTree = "<group>"; };
/* End PBXFileReference section */

/* Begin PBXFrameworksBuildPhase section */
		FA00651919F0508E0030615B /* Frameworks */ = {
			isa = PBXFrameworksBuildPhase;
			buildActionMask = 2147483647;
			files = (
			);
			runOnlyForDeploymentPostprocessing = 0;
		};
/* End PBXFrameworksBuildPhase section */

/* Begin PBXGroup section */
		FA00651319F0508E0030615B = {
			isa = PBXGroup;
			children = (
				FA00652719F064F60030615B /* .gitignore */,
				FA00652819F064F60030615B /* TemplateIcon2x.png */,
				FA00651E19F0508E0030615B /* Merge */,
				FA00651D19F0508E0030615B /* Products */,
			);
			sourceTree = "<group>";
		};
		FA00651D19F0508E0030615B /* Products */ = {
			isa = PBXGroup;
			children = (
				FA00651C19F0508E0030615B /* Merge */,
			);
			name = Products;
			sourceTree = "<group>";
		};
		FA00651E19F0508E0030615B /* Merge */ = {
			isa = PBXGroup;
			children = (
				FA00651F19F0508E0030615B /* main.cpp */,
				FA00652619F051080030615B /* merge.hpp */,
			);
			path = Merge;
			sourceTree = "<group>";
		};
/* End PBXGroup section */

/* Begin PBXNativeTarget section */
		FA00651B19F0508E0030615B /* Merge */ = {
			isa = PBXNativeTarget;
			buildConfigurationList = FA00652319F0508E0030615B /* Build configuration list for PBXNativeTarget "Merge" */;
			buildPhases = (
				FA00651819F0508E0030615B /* Sources */,
				FA00651919F0508E0030615B /* Frameworks */,
				FA00651A19F0508E0030615B /* CopyFiles */,
			);
			buildRules = (
			);
			dependencies = (
			);
			name = Merge;
			productName = Merge;
			productReference = FA00651C19F0508E0030615B /* Merge */;
			productType = "com.apple.product-type.tool";
		};
/* End PBXNativeTarget section */

/* Begin PBXProject section */
		FA00651419F0508E0030615B /* Project object */ = {
			isa = PBXProject;
			attributes = {
				LastUpgradeCheck = 0600;
				ORGANIZATIONNAME = BSUIR;
				TargetAttributes = {
					FA00651B19F0508E0030615B = {
						CreatedOnToolsVersion = 6.0.1;
					};
				};
			};
			buildConfigurationList = FA00651719F0508E0030615B /* Build configuration list for PBXProject "Merge" */;
			compatibilityVersion = "Xcode 3.2";
			developmentRegion = English;
			hasScannedForEncodings = 0;
			knownRegions = (
				en,
			);
			mainGroup = FA00651319F0508E0030615B;
			productRefGroup = FA00651D19F0508E0030615B /* Products */;
			projectDirPath = "";
			projectRoot = "";
			targets = (
				FA00651B19F0508E0030615B /* Merge */,
			);
		};
/* End PBXProject section */

/* Begin PBXSourcesBuildPhase section */
		FA00651819F0508E0030615B /* Sources */ = {
			isa = PBXSourcesBuildPhase;
			buildActionMask = 2147483647;
			files = (
				FA00652019F0508E0030615B /* main.cpp in Sources */,
			);
			runOnlyForDeploymentPostprocessing = 0;
		};
/* End PBXSourcesBuildPhase section */

/* Begin XCBuildConfiguration section */
		FA00652119F0508E0030615B /* Debug */ = {
			isa = XCBuildConfiguration;
			buildSettings = {
				ALWAYS_SEARCH_USER_PATHS = NO;
				CLANG_CXX_LANGUAGE_STANDARD = "gnu++0x";
				CLANG_CXX_LIBRARY = "libc++";
				CLANG_ENABLE_MODULES = YES;
				CLANG_ENABLE_OBJC_ARC = YES;
				CLANG_WARN_BOOL_CONVERSION = YES;
				CLANG_WARN_CONSTANT_CONVERSION = YES;
				CLANG_WARN_DIRECT_OBJC_ISA_USAGE = YES_ERROR;
				CLANG_WARN_EMPTY_BODY = YES;
				CLANG_WARN_ENUM_CONVERSION = YES;
				CLANG_WARN_INT_CONVERSION = YES;
				CLANG_WARN_OBJC_ROOT_CLASS = YES_ERROR;
				CLANG_WARN_UNREACHABLE_CODE = YES;
				CLANG_WARN__DUPLICATE_METHOD_MATCH = YES;
				COPY_PHASE_STRIP = NO;
				ENABLE_STRICT_OBJC_MSGSEND = YES;
				GCC_C_LANGUAGE_STANDARD = gnu99;
				GCC_DYNAMIC_NO_PIC = NO;
				GCC_OPTIMIZATION_LEVEL = 0;
				GCC_PREPROCESSOR_DEFINITIONS = (
					"DEBUG=1",
					"$(inherited)",
				);
				GCC_SYMBOLS_PRIVATE_EXTERN = NO;
				GCC_WARN_64_TO_32_BIT_CONVERSION = YES;
				GCC_WARN_ABOUT_RETURN_TYPE = YES_ERROR;
				GCC_WARN_UNDECLARED_SELECTOR = YES;
				GCC_WARN_UNINITIALIZED_AUTOS = YES_AGGRESSIVE;
				GCC_WARN_UNUSED_FUNCTION = YES;
				GCC_WARN_UNUSED_VARIABLE = YES;
				MACOSX_DEPLOYMENT_TARGET = 10.9;
				MTL_ENABLE_DEBUG_INFO = YES;
				ONLY_ACTIVE_ARCH = YES;
				SDKROOT = macosx;
			};
			name = Debug;
		};
		FA00652219F0508E0030615B /* Release */ = {
			isa = XCBuildConfiguration;
			buildSettings = {
				ALWAYS_SEARCH_USER_PATHS = NO;
				CLANG_CXX_LANGUAGE_STANDARD = "gnu++0x";
				CLANG_CXX_LIBRARY = "libc++";
				CLANG_ENABLE_MODULES = YES;
				CLANG_ENABLE_OBJC_ARC = YES;
				CLANG_WARN_BOOL_CONVERSION = YES;
				CLANG_WARN_CONSTANT_CONVERSION = YES;
				CLANG_WARN_DIRECT_OBJC_ISA_USAGE = YES_ERROR;
				CLANG_WARN_EMPTY_BODY = YES;
				CLANG_WARN_ENUM_CONVERSION = YES;
				CLANG_WARN_INT_CONVERSION = YES;
				CLANG_WARN_OBJC_ROOT_CLASS = YES_ERROR;
				CLANG_WARN_UNREACHABLE_CODE = YES;
				CLANG_WARN__DUPLICATE_METHOD_MATCH = YES;
				COPY_PHASE_STRIP = YES;
				DEBUG_INFORMATION_FORMAT = "dwarf-with-dsym";
				ENABLE_NS_ASSERTIONS = NO;
				ENABLE_STRICT_OBJC_MSGSEND = YES;
				GCC_C_LANGUAGE_STANDARD = gnu99;
				GCC_WARN_64_TO_32_BIT_CONVERSION = YES;
				GCC_WARN_ABOUT_RETURN_TYPE = YES_ERROR;
				GCC_WARN_UNDECLARED_SELECTOR = YES;
				GCC_WARN_UNINITIALIZED_AUTOS = YES_AGGRESSIVE;
				GCC_WARN_UNUSED_FUNCTION = YES;
				GCC_WARN_UNUSED_VARIABLE = YES;
				MACOSX_DEPLOYMENT_TARGET = 10.9;
				MTL_ENABLE_DEBUG_INFO = NO;
				SDKROOT = macosx;
			};
			name = Release;
		};
		FA00652419F0508E0030615B /* Debug */ = {
			isa = XCBuildConfiguration;
			buildSettings = {
				PRODUCT_NAME = "$(TARGET_NAME)";
			};
			name = Debug;
		};
		FA00652519F0508E0030615B /* Release */ = {
			isa = XCBuildConfiguration;
			buildSettings = {
				PRODUCT_NAME = "$(TARGET_NAME)";
			};
			name = Release;
		};
/* End XCBuildConfiguration section */

/* Begin XCConfigurationList section */
		FA00651719F0508E0030615B /* Build configuration list for PBXProject "Merge" */ = {
			isa = XCConfigurationList;
			buildConfigurations = (
				FA00652119F0508E0030615B /* Debug */,
				FA00652219F0508E0030615B /* Release */,
			);
			defaultConfigurationIsVisible = 0;
			defaultConfigurationName = Release;
		};
		FA00652319F0508E0030615B /* Build configuration list for PBXNativeTarget "Merge" */ = {
			isa = XCConfigurationList;
			buildConfigurations = (
				FA00652419F0508E0030615B /* Debug */,
				FA00652519F0508E0030615B /* Release */,
			);
			defaultConfigurationIsVisible = 0;
		};
/* End XCConfigurationList section */
	};
	rootObject = FA00651419F0508E0030615B /* Project object */;
}
